
Microsoft Visual Studio Solution File, Format Version 12.00
# Visual Studio 2013
VisualStudioVersion = 12.0.40629.0
MinimumVisualStudioVersion = 10.0.40219.1
Project("{FAE04EC0-301F-11D3-BF4B-00C04F79EFBC}") = "task3_simulation", "task3_simulation\task3_simulation.csproj", "{313ABC6B-318C-46D8-B6E9-408B50842471}"
EndProject
Global
	GlobalSection(SolutionConfigurationPlatforms) = preSolution
		Debug|Any CPU = Debug|Any CPU
		Release|Any CPU = Release|Any CPU
	EndGlobalSection
	GlobalSection(ProjectConfigurationPlatforms) = postSolution
		{313ABC6B-318C-46D8-B6E9-408B50842471}.Debug|Any CPU.ActiveCfg = Debug|Any CPU
		{313ABC6B-318C-46D8-B6E9-408B50842471}.Debug|Any CPU.Build.0 = Debug|Any CPU
		{313ABC6B-318C-46D8-B6E9-408B50842471}.Release|Any CPU.ActiveCfg = Release|Any CPU
		{313ABC6B-318C-46D8-B6E9-408B50842471}.Release|Any CPU.Build.0 = Release|Any CPU
	EndGlobalSection
	GlobalSection(SolutionProperties) = preSolution
		HideSolutionNode = FALSE
	EndGlobalSection
EndGlobal
